{
  "originHash" : "4b2f8c4ba21e796f1369f52d4bb9caa2c7e607b0d3f156c0957123935f298c48",
  "pins" : [
    {
      "identity" : "midikit",
      "kind" : "remoteSourceControl",
      "location" : "https://github.com/orchetect/MIDIKit",
      "state" : {
        "revision" : "5af7926114fab97a9dd8c3e2068e0f9c65c1c20f",
        "version" : "0.11.0"
      }
    },
    {
      "identity" : "swift-timecode",
      "kind" : "remoteSourceControl",
      "location" : "https://github.com/orchetect/swift-timecode",
      "state" : {
        "revision" : "c15034c2943fd08f22ff5b86f7d7273f11f1679e",
        "version" : "3.1.0"
      }
    }
  ],
  "version" : 3
}
